
Microsoft Visual Studio Solution File, Format Version 12.00
# Visual Studio Version 17
VisualStudioVersion = 17.3.32811.315
MinimumVisualStudioVersion = 10.0.40219.1
Project("{FAE04EC0-301F-11D3-BF4B-00C04F79EFBC}") = "CSharp-Basics", "CSharp-Basics\CSharp-Basics.csproj", "{C03419BE-A218-4936-8B92-72EDCB2EFEA3}"
EndProject
Global
	GlobalSection(SolutionConfigurationPlatforms) = preSolution
		Debug|Any CPU = Debug|Any CPU
		Release|Any CPU = Release|Any CPU
	EndGlobalSection
	GlobalSection(ProjectConfigurationPlatforms) = postSolution
		{C03419BE-A218-4936-8B92-72EDCB2EFEA3}.Debug|Any CPU.ActiveCfg = Debug|Any CPU
		{C03419BE-A218-4936-8B92-72EDCB2EFEA3}.Debug|Any CPU.Build.0 = Debug|Any CPU
		{C03419BE-A218-4936-8B92-72EDCB2EFEA3}.Release|Any CPU.ActiveCfg = Release|Any CPU
		{C03419BE-A218-4936-8B92-72EDCB2EFEA3}.Release|Any CPU.Build.0 = Release|Any CPU
	EndGlobalSection
	GlobalSection(SolutionProperties) = preSolution
		HideSolutionNode = FALSE
	EndGlobalSection
	GlobalSection(ExtensibilityGlobals) = postSolution
		SolutionGuid = {769BB5C2-5F10-41AF-8693-0A349E82292A}
	EndGlobalSection
EndGlobal
